14481235590903173617
cista 4ff6f5add8c7dfb1e93f0c4c5d6a4c139f233366
kissat 72e2feee2fea4a085845965d0bd63d381f96a336
or-tools 92eab40155d5566039c92662632f196174f8da47
googletest 34a46558609e05865c197f0260ab36daa7cbbb6e
Catch2 47d56f28a9801911c048d011b375e5631dbb658f
fmt 34d0435ad07feb55dabd64d99482dd5d28972584
utl 0be21a91d96f27f2de4583eb5badfd1c873e3f6c
